
Microsoft Visual Studio Solution File, Format Version 12.00
# Visual Studio Version 17
VisualStudioVersion = 17.11.35327.3
MinimumVisualStudioVersion = 10.0.40219.1
Project("{FAE04EC0-301F-11D3-BF4B-00C04F79EFBC}") = "money", "money\money.csproj", "{EDB79283-71A7-42C3-B318-ACC7104BE530}"
EndProject
Global
	GlobalSection(SolutionConfigurationPlatforms) = preSolution
		Debug|Any CPU = Debug|Any CPU
		Release|Any CPU = Release|Any CPU
	EndGlobalSection
	GlobalSection(ProjectConfigurationPlatforms) = postSolution
		{EDB79283-71A7-42C3-B318-ACC7104BE530}.Debug|Any CPU.ActiveCfg = Debug|Any CPU
		{EDB79283-71A7-42C3-B318-ACC7104BE530}.Debug|Any CPU.Build.0 = Debug|Any CPU
		{EDB79283-71A7-42C3-B318-ACC7104BE530}.Release|Any CPU.ActiveCfg = Release|Any CPU
		{EDB79283-71A7-42C3-B318-ACC7104BE530}.Release|Any CPU.Build.0 = Release|Any CPU
	EndGlobalSection
	GlobalSection(SolutionProperties) = preSolution
		HideSolutionNode = FALSE
	EndGlobalSection
	GlobalSection(ExtensibilityGlobals) = postSolution
		SolutionGuid = {2D12CB35-A07F-48CB-803F-603BC44D81A6}
	EndGlobalSection
EndGlobal
